// !$*UTF8*$!
{
	archiveVersion = 1;
	classes = {
	};
	objectVersion = 48;
	objects = {

/* Begin PBXBuildFile section */
		3A25ACF121074CF6009880C3 /* AppDelegate.swift in Sources */ = {isa = PBXBuildFile; fileRef = 3A25ACF021074CF6009880C3 /* AppDelegate.swift */; };
		3A25ACF321074CF6009880C3 /* ViewController.swift in Sources */ = {isa = PBXBuildFile; fileRef = 3A25ACF221074CF6009880C3 /* ViewController.swift */; };
		3A25ACF621074CF6009880C3 /* Main.storyboard in Resources */ = {isa = PBXBuildFile; fileRef = 3A25ACF421074CF6009880C3 /* Main.storyboard */; };
		3A25ACF921074CF6009880C3 /* LocalizationConcept.xcdatamodeld in Sources */ = {isa = PBXBuildFile; fileRef = 3A25ACF721074CF6009880C3 /* LocalizationConcept.xcdatamodeld */; };
		3A25ACFB21074CF6009880C3 /* Assets.xcassets in Resources */ = {isa = PBXBuildFile; fileRef = 3A25ACFA21074CF6009880C3 /* Assets.xcassets */; };
		3A25ACFE21074CF6009880C3 /* LaunchScreen.storyboard in Resources */ = {isa = PBXBuildFile; fileRef = 3A25ACFC21074CF6009880C3 /* LaunchScreen.storyboard */; };
		3A25AD0F210758A4009880C3 /* Localizable.strings in Resources */ = {isa = PBXBuildFile; fileRef = 3A25AD11210758A4009880C3 /* Localizable.strings */; };
/* End PBXBuildFile section */

/* Begin PBXFileReference section */
		3A25ACED21074CF5009880C3 /* LocalizationConcept.app */ = {isa = PBXFileReference; explicitFileType = wrapper.application; includeInIndex = 0; path = LocalizationConcept.app; sourceTree = BUILT_PRODUCTS_DIR; };
		3A25ACF021074CF6009880C3 /* AppDelegate.swift */ = {isa = PBXFileReference; lastKnownFileType = sourcecode.swift; path = AppDelegate.swift; sourceTree = "<group>"; };
		3A25ACF221074CF6009880C3 /* ViewController.swift */ = {isa = PBXFileReference; lastKnownFileType = sourcecode.swift; path = ViewController.swift; sourceTree = "<group>"; };
		3A25ACF521074CF6009880C3 /* Base */ = {isa = PBXFileReference; lastKnownFileType = file.storyboard; name = Base; path = Base.lproj/Main.storyboard; sourceTree = "<group>"; };
		3A25ACF821074CF6009880C3 /* LocalizationConcept.xcdatamodel */ = {isa = PBXFileReference; lastKnownFileType = wrapper.xcdatamodel; path = LocalizationConcept.xcdatamodel; sourceTree = "<group>"; };
		3A25ACFA21074CF6009880C3 /* Assets.xcassets */ = {isa = PBXFileReference; lastKnownFileType = folder.assetcatalog; path = Assets.xcassets; sourceTree = "<group>"; };
		3A25ACFD21074CF6009880C3 /* Base */ = {isa = PBXFileReference; lastKnownFileType = file.storyboard; name = Base; path = Base.lproj/LaunchScreen.storyboard; sourceTree = "<group>"; };
		3A25ACFF21074CF7009880C3 /* Info.plist */ = {isa = PBXFileReference; lastKnownFileType = text.plist.xml; path = Info.plist; sourceTree = "<group>"; };
		3A25AD05210750CB009880C3 /* es */ = {isa = PBXFileReference; lastKnownFileType = text.plist.strings; name = es; path = es.lproj/Main.strings; sourceTree = "<group>"; };
		3A25AD06210750CB009880C3 /* es */ = {isa = PBXFileReference; lastKnownFileType = text.plist.strings; name = es; path = es.lproj/LaunchScreen.strings; sourceTree = "<group>"; };
		3A25AD10210758A4009880C3 /* es */ = {isa = PBXFileReference; lastKnownFileType = text.plist.strings; name = es; path = es.lproj/Localizable.strings; sourceTree = "<group>"; };
		3A25AD12210758AB009880C3 /* Base */ = {isa = PBXFileReference; lastKnownFileType = text.plist.strings; name = Base; path = Base.lproj/Localizable.strings; sourceTree = "<group>"; };
/* End PBXFileReference section */

/* Begin PBXFrameworksBuildPhase section */
		3A25ACEA21074CF5009880C3 /* Frameworks */ = {
			isa = PBXFrameworksBuildPhase;
			buildActionMask = 2147483647;
			files = (
			);
			runOnlyForDeploymentPostprocessing = 0;
		};
/* End PBXFrameworksBuildPhase section */

/* Begin PBXGroup section */
		3A25ACE421074CF5009880C3 = {
			isa = PBXGroup;
			children = (
				3A25ACEF21074CF6009880C3 /* LocalizationConcept */,
				3A25ACEE21074CF6009880C3 /* Products */,
			);
			sourceTree = "<group>";
		};
		3A25ACEE21074CF6009880C3 /* Products */ = {
			isa = PBXGroup;
			children = (
				3A25ACED21074CF5009880C3 /* LocalizationConcept.app */,
			);
			name = Products;
			sourceTree = "<group>";
		};
		3A25ACEF21074CF6009880C3 /* LocalizationConcept */ = {
			isa = PBXGroup;
			children = (
				3A25ACF021074CF6009880C3 /* AppDelegate.swift */,
				3A25ACF221074CF6009880C3 /* ViewController.swift */,
				3A25AD11210758A4009880C3 /* Localizable.strings */,
				3A25ACF421074CF6009880C3 /* Main.storyboard */,
				3A25ACFA21074CF6009880C3 /* Assets.xcassets */,
				3A25ACFC21074CF6009880C3 /* LaunchScreen.storyboard */,
				3A25ACFF21074CF7009880C3 /* Info.plist */,
				3A25ACF721074CF6009880C3 /* LocalizationConcept.xcdatamodeld */,
			);
			path = LocalizationConcept;
			sourceTree = "<group>";
		};
/* End PBXGroup section */

/* Begin PBXNativeTarget section */
		3A25ACEC21074CF5009880C3 /* LocalizationConcept */ = {
			isa = PBXNativeTarget;
			buildConfigurationList = 3A25AD0221074CF7009880C3 /* Build configuration list for PBXNativeTarget "LocalizationConcept" */;
			buildPhases = (
				3A25ACE921074CF5009880C3 /* Sources */,
				3A25ACEA21074CF5009880C3 /* Frameworks */,
				3A25ACEB21074CF5009880C3 /* Resources */,
			);
			buildRules = (
			);
			dependencies = (
			);
			name = LocalizationConcept;
			productName = LocalizationConcept;
			productReference = 3A25ACED21074CF5009880C3 /* LocalizationConcept.app */;
			productType = "com.apple.product-type.application";
		};
/* End PBXNativeTarget section */

/* Begin PBXProject section */
		3A25ACE521074CF5009880C3 /* Project object */ = {
			isa = PBXProject;
			attributes = {
				LastSwiftUpdateCheck = 0920;
				LastUpgradeCheck = 0920;
				ORGANIZATIONNAME = Gautamarora;
				TargetAttributes = {
					3A25ACEC21074CF5009880C3 = {
						CreatedOnToolsVersion = 9.2;
						ProvisioningStyle = Manual;
					};
				};
			};
			buildConfigurationList = 3A25ACE821074CF5009880C3 /* Build configuration list for PBXProject "LocalizationConcept" */;
			compatibilityVersion = "Xcode 8.0";
			developmentRegion = en;
			hasScannedForEncodings = 0;
			knownRegions = (
				en,
				Base,
			);
			mainGroup = 3A25ACE421074CF5009880C3;
			productRefGroup = 3A25ACEE21074CF6009880C3 /* Products */;
			projectDirPath = "";
			projectRoot = "";
			targets = (
				3A25ACEC21074CF5009880C3 /* LocalizationConcept */,
			);
		};
/* End PBXProject section */

/* Begin PBXResourcesBuildPhase section */
		3A25ACEB21074CF5009880C3 /* Resources */ = {
			isa = PBXResourcesBuildPhase;
			buildActionMask = 2147483647;
			files = (
				3A25ACFE21074CF6009880C3 /* LaunchScreen.storyboard in Resources */,
				3A25AD0F210758A4009880C3 /* Localizable.strings in Resources */,
				3A25ACFB21074CF6009880C3 /* Assets.xcassets in Resources */,
				3A25ACF621074CF6009880C3 /* Main.storyboard in Resources */,
			);
			runOnlyForDeploymentPostprocessing = 0;
		};
/* End PBXResourcesBuildPhase section */

/* Begin PBXSourcesBuildPhase section */
		3A25ACE921074CF5009880C3 /* Sources */ = {
			isa = PBXSourcesBuildPhase;
			buildActionMask = 2147483647;
			files = (
				3A25ACF321074CF6009880C3 /* ViewController.swift in Sources */,
				3A25ACF921074CF6009880C3 /* LocalizationConcept.xcdatamodeld in Sources */,
				3A25ACF121074CF6009880C3 /* AppDelegate.swift in Sources */,
			);
			runOnlyForDeploymentPostprocessing = 0;
		};
/* End PBXSourcesBuildPhase section */

/* Begin PBXVariantGroup section */
		3A25ACF421074CF6009880C3 /* Main.storyboard */ = {
			isa = PBXVariantGroup;
			children = (
				3A25ACF521074CF6009880C3 /* Base */,
				3A25AD05210750CB009880C3 /* es */,
			);
			name = Main.storyboard;
			sourceTree = "<group>";
		};
		3A25ACFC21074CF6009880C3 /* LaunchScreen.storyboard */ = {
			isa = PBXVariantGroup;
			children = (
				3A25ACFD21074CF6009880C3 /* Base */,
				3A25AD06210750CB009880C3 /* es */,
			);
			name = LaunchScreen.storyboard;
			sourceTree = "<group>";
		};
		3A25AD11210758A4009880C3 /* Localizable.strings */ = {
			isa = PBXVariantGroup;
			children = (
				3A25AD10210758A4009880C3 /* es */,
				3A25AD12210758AB009880C3 /* Base */,
			);
			name = Localizable.strings;
			sourceTree = "<group>";
		};
/* End PBXVariantGroup section */

/* Begin XCBuildConfiguration section */
		3A25AD0021074CF7009880C3 /* Debug */ = {
			isa = XCBuildConfiguration;
			buildSettings = {
				ALWAYS_SEARCH_USER_PATHS = NO;
				CLANG_ANALYZER_LOCALIZABILITY_NONLOCALIZED = YES;
				CLANG_ANALYZER_NONNULL = YES;
				CLANG_ANALYZER_NUMBER_OBJECT_CONVERSION = YES_AGGRESSIVE;
				CLANG_CXX_LANGUAGE_STANDARD = "gnu++14";
				CLANG_CXX_LIBRARY = "libc++";
				CLANG_ENABLE_MODULES = YES;
				CLANG_ENABLE_OBJC_ARC = YES;
				CLANG_WARN_BLOCK_CAPTURE_AUTORELEASING = YES;
				CLANG_WARN_BOOL_CONVERSION = YES;
				CLANG_WARN_COMMA = YES;
				CLANG_WARN_CONSTANT_CONVERSION = YES;
				CLANG_WARN_DIRECT_OBJC_ISA_USAGE = YES_ERROR;
				CLANG_WARN_DOCUMENTATION_COMMENTS = YES;
				CLANG_WARN_EMPTY_BODY = YES;
				CLANG_WARN_ENUM_CONVERSION = YES;
				CLANG_WARN_INFINITE_RECURSION = YES;
				CLANG_WARN_INT_CONVERSION = YES;
				CLANG_WARN_NON_LITERAL_NULL_CONVERSION = YES;
				CLANG_WARN_OBJC_LITERAL_CONVERSION = YES;
				CLANG_WARN_OBJC_ROOT_CLASS = YES_ERROR;
				CLANG_WARN_RANGE_LOOP_ANALYSIS = YES;
				CLANG_WARN_STRICT_PROTOTYPES = YES;
				CLANG_WARN_SUSPICIOUS_MOVE = YES;
				CLANG_WARN_UNGUARDED_AVAILABILITY = YES_AGGRESSIVE;
				CLANG_WARN_UNREACHABLE_CODE = YES;
				CLANG_WARN__DUPLICATE_METHOD_MATCH = YES;
				CODE_SIGN_IDENTITY = "iPhone Developer";
				COPY_PHASE_STRIP = NO;
				DEBUG_INFORMATION_FORMAT = dwarf;
				ENABLE_STRICT_OBJC_MSGSEND = YES;
				ENABLE_TESTABILITY = YES;
				GCC_C_LANGUAGE_STANDARD = gnu11;
				GCC_DYNAMIC_NO_PIC = NO;
				GCC_NO_COMMON_BLOCKS = YES;
				GCC_OPTIMIZATION_LEVEL = 0;
				GCC_PREPROCESSOR_DEFINITIONS = (
					"DEBUG=1",
					"$(inherited)",
				);
				GCC_WARN_64_TO_32_BIT_CONVERSION = YES;
				GCC_WARN_ABOUT_RETURN_TYPE = YES_ERROR;
				GCC_WARN_UNDECLARED_SELECTOR = YES;
				GCC_WARN_UNINITIALIZED_AUTOS = YES_AGGRESSIVE;
				GCC_WARN_UNUSED_FUNCTION = YES;
				GCC_WARN_UNUSED_VARIABLE = YES;
				IPHONEOS_DEPLOYMENT_TARGET = 11.2;
				MTL_ENABLE_DEBUG_INFO = YES;
				ONLY_ACTIVE_ARCH = YES;
				SDKROOT = iphoneos;
				SWIFT_ACTIVE_COMPILATION_CONDITIONS = DEBUG;
				SWIFT_OPTIMIZATION_LEVEL = "-Onone";
			};
			name = Debug;
		};
		3A25AD0121074CF7009880C3 /* Release */ = {
			isa = XCBuildConfiguration;
			buildSettings = {
				ALWAYS_SEARCH_USER_PATHS = NO;
				CLANG_ANALYZER_LOCALIZABILITY_NONLOCALIZED = YES;
				CLANG_ANALYZER_NONNULL = YES;
				CLANG_ANALYZER_NUMBER_OBJECT_CONVERSION = YES_AGGRESSIVE;
				CLANG_CXX_LANGUAGE_STANDARD = "gnu++14";
				CLANG_CXX_LIBRARY = "libc++";
				CLANG_ENABLE_MODULES = YES;
				CLANG_ENABLE_OBJC_ARC = YES;
				CLANG_WARN_BLOCK_CAPTURE_AUTORELEASING = YES;
				CLANG_WARN_BOOL_CONVERSION = YES;
				CLANG_WARN_COMMA = YES;
				CLANG_WARN_CONSTANT_CONVERSION = YES;
				CLANG_WARN_DIRECT_OBJC_ISA_USAGE = YES_ERROR;
				CLANG_WARN_DOCUMENTATION_COMMENTS = YES;
				CLANG_WARN_EMPTY_BODY = YES;
				CLANG_WARN_ENUM_CONVERSION = YES;
				CLANG_WARN_INFINITE_RECURSION = YES;
				CLANG_WARN_INT_CONVERSION = YES;
				CLANG_WARN_NON_LITERAL_NULL_CONVERSION = YES;
				CLANG_WARN_OBJC_LITERAL_CONVERSION = YES;
				CLANG_WARN_OBJC_ROOT_CLASS = YES_ERROR;
				CLANG_WARN_RANGE_LOOP_ANALYSIS = YES;
				CLANG_WARN_STRICT_PROTOTYPES = YES;
				CLANG_WARN_SUSPICIOUS_MOVE = YES;
				CLANG_WARN_UNGUARDED_AVAILABILITY = YES_AGGRESSIVE;
				CLANG_WARN_UNREACHABLE_CODE = YES;
				CLANG_WARN__DUPLICATE_METHOD_MATCH = YES;
				CODE_SIGN_IDENTITY = "iPhone Developer";
				COPY_PHASE_STRIP = NO;
				DEBUG_INFORMATION_FORMAT = "dwarf-with-dsym";
				ENABLE_NS_ASSERTIONS = NO;
				ENABLE_STRICT_OBJC_MSGSEND = YES;
				GCC_C_LANGUAGE_STANDARD = gnu11;
				GCC_NO_COMMON_BLOCKS = YES;
				GCC_WARN_64_TO_32_BIT_CONVERSION = YES;
				GCC_WARN_ABOUT_RETURN_TYPE = YES_ERROR;
				GCC_WARN_UNDECLARED_SELECTOR = YES;
				GCC_WARN_UNINITIALIZED_AUTOS = YES_AGGRESSIVE;
				GCC_WARN_UNUSED_FUNCTION = YES;
				GCC_WARN_UNUSED_VARIABLE = YES;
				IPHONEOS_DEPLOYMENT_TARGET = 11.2;
				MTL_ENABLE_DEBUG_INFO = NO;
				SDKROOT = iphoneos;
				SWIFT_OPTIMIZATION_LEVEL = "-Owholemodule";
				VALIDATE_PRODUCT = YES;
			};
			name = Release;
		};
		3A25AD0321074CF7009880C3 /* Debug */ = {
			isa = XCBuildConfiguration;
			buildSettings = {
				ASSETCATALOG_COMPILER_APPICON_NAME = AppIcon;
				CODE_SIGN_STYLE = Manual;
				DEVELOPMENT_TEAM = "";
				INFOPLIST_FILE = LocalizationConcept/Info.plist;
				LD_RUNPATH_SEARCH_PATHS = "$(inherited) @executable_path/Frameworks";
				PRODUCT_BUNDLE_IDENTIFIER = com.localization.localizationConcept;
				PRODUCT_NAME = "$(TARGET_NAME)";
				PROVISIONING_PROFILE_SPECIFIER = "";
				SWIFT_VERSION = 4.0;
				TARGETED_DEVICE_FAMILY = "1,2";
			};
			name = Debug;
		};
		3A25AD0421074CF7009880C3 /* Release */ = {
			isa = XCBuildConfiguration;
			buildSettings = {
				ASSETCATALOG_COMPILER_APPICON_NAME = AppIcon;
				CODE_SIGN_STYLE = Manual;
				DEVELOPMENT_TEAM = "";
				INFOPLIST_FILE = LocalizationConcept/Info.plist;
				LD_RUNPATH_SEARCH_PATHS = "$(inherited) @executable_path/Frameworks";
				PRODUCT_BUNDLE_IDENTIFIER = com.localization.localizationConcept;
				PRODUCT_NAME = "$(TARGET_NAME)";
				PROVISIONING_PROFILE_SPECIFIER = "";
				SWIFT_VERSION = 4.0;
				TARGETED_DEVICE_FAMILY = "1,2";
			};
			name = Release;
		};
/* End XCBuildConfiguration section */

/* Begin XCConfigurationList section */
		3A25ACE821074CF5009880C3 /* Build configuration list for PBXProject "LocalizationConcept" */ = {
			isa = XCConfigurationList;
			buildConfigurations = (
				3A25AD0021074CF7009880C3 /* Debug */,
				3A25AD0121074CF7009880C3 /* Release */,
			);
			defaultConfigurationIsVisible = 0;
			defaultConfigurationName = Release;
		};
		3A25AD0221074CF7009880C3 /* Build configuration list for PBXNativeTarget "LocalizationConcept" */ = {
			isa = XCConfigurationList;
			buildConfigurations = (
				3A25AD0321074CF7009880C3 /* Debug */,
				3A25AD0421074CF7009880C3 /* Release */,
			);
			defaultConfigurationIsVisible = 0;
			defaultConfigurationName = Release;
		};
/* End XCConfigurationList section */

/* Begin XCVersionGroup section */
		3A25ACF721074CF6009880C3 /* LocalizationConcept.xcdatamodeld */ = {
			isa = XCVersionGroup;
			children = (
				3A25ACF821074CF6009880C3 /* LocalizationConcept.xcdatamodel */,
			);
			currentVersion = 3A25ACF821074CF6009880C3 /* LocalizationConcept.xcdatamodel */;
			path = LocalizationConcept.xcdatamodeld;
			sourceTree = "<group>";
			versionGroupType = wrapper.xcdatamodel;
		};
/* End XCVersionGroup section */
	};
	rootObject = 3A25ACE521074CF5009880C3 /* Project object */;
}
